{
  "name": "OptraxMVC",
  "lockfileVersion": 3,
  "requires": true,
  "packages": {
    "": {
      "dependencies": {
        "leaflet-editable": "^1.3.1"
      }
    },
    "node_modules/leaflet-editable": {
      "version": "1.3.1",
      "resolved": "https://registry.npmjs.org/leaflet-editable/-/leaflet-editable-1.3.1.tgz",
      "integrity": "sha512-P0j8/w3SWYGyc+1SRYdt6VLjTfyjtZhCa9Zuk1n0+iBYJzA4jen3+E2GvB52BPRU6NdWRL4+ZMMN0FdxqSedfg==",
      "license": "WTFPL"
    }
  }
}
